// !$*UTF8*$!
{
	archiveVersion = 1;
	classes = {
	};
	objectVersion = 46;
	objects = {

/* Begin PBXBuildFile section */
		01F305D2189070EA00626E72 /* Foundation.framework in Frameworks */ = {isa = PBXBuildFile; fileRef = 01F305D1189070EA00626E72 /* Foundation.framework */; };
		01F305D7189070EA00626E72 /* OSDataStructuresLib.h in CopyFiles */ = {isa = PBXBuildFile; fileRef = 01F305D6189070EA00626E72 /* OSDataStructuresLib.h */; };
		01F305D9189070EA00626E72 /* OSDataStructuresLib.m in Sources */ = {isa = PBXBuildFile; fileRef = 01F305D8189070EA00626E72 /* OSDataStructuresLib.m */; };
		01F305E0189070EA00626E72 /* XCTest.framework in Frameworks */ = {isa = PBXBuildFile; fileRef = 01F305DF189070EA00626E72 /* XCTest.framework */; };
		01F305E1189070EA00626E72 /* Foundation.framework in Frameworks */ = {isa = PBXBuildFile; fileRef = 01F305D1189070EA00626E72 /* Foundation.framework */; };
		01F305E3189070EA00626E72 /* UIKit.framework in Frameworks */ = {isa = PBXBuildFile; fileRef = 01F305E2189070EA00626E72 /* UIKit.framework */; };
		01F305E6189070EA00626E72 /* libOSDataStructuresLib.a in Frameworks */ = {isa = PBXBuildFile; fileRef = 01F305CE189070EA00626E72 /* libOSDataStructuresLib.a */; };
		01F305EC189070EA00626E72 /* InfoPlist.strings in Resources */ = {isa = PBXBuildFile; fileRef = 01F305EA189070EA00626E72 /* InfoPlist.strings */; };
		01F305EE189070EA00626E72 /* OSDataStructuresLibTests.m in Sources */ = {isa = PBXBuildFile; fileRef = 01F305ED189070EA00626E72 /* OSDataStructuresLibTests.m */; };
		01F305F91890712200626E72 /* OSMutableGraph.m in Sources */ = {isa = PBXBuildFile; fileRef = 01F305F81890712200626E72 /* OSMutableGraph.m */; };
		01F305FA1890712200626E72 /* OSMutableGraph.m in Sources */ = {isa = PBXBuildFile; fileRef = 01F305F81890712200626E72 /* OSMutableGraph.m */; };
		01F305FF1890734E00626E72 /* OSGraphNode.m in Sources */ = {isa = PBXBuildFile; fileRef = 01F305FE1890734E00626E72 /* OSGraphNode.m */; };
		01F306001890734E00626E72 /* OSGraphNode.m in Sources */ = {isa = PBXBuildFile; fileRef = 01F305FE1890734E00626E72 /* OSGraphNode.m */; };
		01F306031890735B00626E72 /* OSGraphEdge.m in Sources */ = {isa = PBXBuildFile; fileRef = 01F306021890735B00626E72 /* OSGraphEdge.m */; };
		01F306041890735B00626E72 /* OSGraphEdge.m in Sources */ = {isa = PBXBuildFile; fileRef = 01F306021890735B00626E72 /* OSGraphEdge.m */; };
/* End PBXBuildFile section */

/* Begin PBXContainerItemProxy section */
		01F305E4189070EA00626E72 /* PBXContainerItemProxy */ = {
			isa = PBXContainerItemProxy;
			containerPortal = 01F305C6189070EA00626E72 /* Project object */;
			proxyType = 1;
			remoteGlobalIDString = 01F305CD189070EA00626E72;
			remoteInfo = OSDataStructuresLib;
		};
/* End PBXContainerItemProxy section */

/* Begin PBXCopyFilesBuildPhase section */
		01F305CC189070EA00626E72 /* CopyFiles */ = {
			isa = PBXCopyFilesBuildPhase;
			buildActionMask = 2147483647;
			dstPath = "include/$(PRODUCT_NAME)";
			dstSubfolderSpec = 16;
			files = (
				01F305D7189070EA00626E72 /* OSDataStructuresLib.h in CopyFiles */,
			);
			runOnlyForDeploymentPostprocessing = 0;
		};
/* End PBXCopyFilesBuildPhase section */

/* Begin PBXFileReference section */
		01F305CE189070EA00626E72 /* libOSDataStructuresLib.a */ = {isa = PBXFileReference; explicitFileType = archive.ar; includeInIndex = 0; path = libOSDataStructuresLib.a; sourceTree = BUILT_PRODUCTS_DIR; };
		01F305D1189070EA00626E72 /* Foundation.framework */ = {isa = PBXFileReference; lastKnownFileType = wrapper.framework; name = Foundation.framework; path = System/Library/Frameworks/Foundation.framework; sourceTree = SDKROOT; };
		01F305D5189070EA00626E72 /* OSDataStructuresLib-Prefix.pch */ = {isa = PBXFileReference; lastKnownFileType = sourcecode.c.h; path = "OSDataStructuresLib-Prefix.pch"; sourceTree = "<group>"; };
		01F305D6189070EA00626E72 /* OSDataStructuresLib.h */ = {isa = PBXFileReference; lastKnownFileType = sourcecode.c.h; path = OSDataStructuresLib.h; sourceTree = "<group>"; };
		01F305D8189070EA00626E72 /* OSDataStructuresLib.m */ = {isa = PBXFileReference; lastKnownFileType = sourcecode.c.objc; path = OSDataStructuresLib.m; sourceTree = "<group>"; };
		01F305DE189070EA00626E72 /* OSDataStructuresLibTests.xctest */ = {isa = PBXFileReference; explicitFileType = wrapper.cfbundle; includeInIndex = 0; path = OSDataStructuresLibTests.xctest; sourceTree = BUILT_PRODUCTS_DIR; };
		01F305DF189070EA00626E72 /* XCTest.framework */ = {isa = PBXFileReference; lastKnownFileType = wrapper.framework; name = XCTest.framework; path = Library/Frameworks/XCTest.framework; sourceTree = DEVELOPER_DIR; };
		01F305E2189070EA00626E72 /* UIKit.framework */ = {isa = PBXFileReference; lastKnownFileType = wrapper.framework; name = UIKit.framework; path = Library/Frameworks/UIKit.framework; sourceTree = DEVELOPER_DIR; };
		01F305E9189070EA00626E72 /* OSDataStructuresLibTests-Info.plist */ = {isa = PBXFileReference; lastKnownFileType = text.plist.xml; path = "OSDataStructuresLibTests-Info.plist"; sourceTree = "<group>"; };
		01F305EB189070EA00626E72 /* en */ = {isa = PBXFileReference; lastKnownFileType = text.plist.strings; name = en; path = en.lproj/InfoPlist.strings; sourceTree = "<group>"; };
		01F305ED189070EA00626E72 /* OSDataStructuresLibTests.m */ = {isa = PBXFileReference; lastKnownFileType = sourcecode.c.objc; path = OSDataStructuresLibTests.m; sourceTree = "<group>"; };
		01F305F71890712200626E72 /* OSMutableGraph.h */ = {isa = PBXFileReference; fileEncoding = 4; lastKnownFileType = sourcecode.c.h; path = OSMutableGraph.h; sourceTree = "<group>"; };
		01F305F81890712200626E72 /* OSMutableGraph.m */ = {isa = PBXFileReference; fileEncoding = 4; lastKnownFileType = sourcecode.c.objc; path = OSMutableGraph.m; sourceTree = "<group>"; };
		01F305FC189071B900626E72 /* Defines.h */ = {isa = PBXFileReference; fileEncoding = 4; lastKnownFileType = sourcecode.c.h; path = Defines.h; sourceTree = "<group>"; };
		01F305FD1890734E00626E72 /* OSGraphNode.h */ = {isa = PBXFileReference; fileEncoding = 4; lastKnownFileType = sourcecode.c.h; path = OSGraphNode.h; sourceTree = "<group>"; };
		01F305FE1890734E00626E72 /* OSGraphNode.m */ = {isa = PBXFileReference; fileEncoding = 4; lastKnownFileType = sourcecode.c.objc; path = OSGraphNode.m; sourceTree = "<group>"; };
		01F306011890735B00626E72 /* OSGraphEdge.h */ = {isa = PBXFileReference; fileEncoding = 4; lastKnownFileType = sourcecode.c.h; path = OSGraphEdge.h; sourceTree = "<group>"; };
		01F306021890735B00626E72 /* OSGraphEdge.m */ = {isa = PBXFileReference; fileEncoding = 4; lastKnownFileType = sourcecode.c.objc; path = OSGraphEdge.m; sourceTree = "<group>"; };
/* End PBXFileReference section */

/* Begin PBXFrameworksBuildPhase section */
		01F305CB189070EA00626E72 /* Frameworks */ = {
			isa = PBXFrameworksBuildPhase;
			buildActionMask = 2147483647;
			files = (
				01F305D2189070EA00626E72 /* Foundation.framework in Frameworks */,
			);
			runOnlyForDeploymentPostprocessing = 0;
		};
		01F305DB189070EA00626E72 /* Frameworks */ = {
			isa = PBXFrameworksBuildPhase;
			buildActionMask = 2147483647;
			files = (
				01F305E0189070EA00626E72 /* XCTest.framework in Frameworks */,
				01F305E6189070EA00626E72 /* libOSDataStructuresLib.a in Frameworks */,
				01F305E3189070EA00626E72 /* UIKit.framework in Frameworks */,
				01F305E1189070EA00626E72 /* Foundation.framework in Frameworks */,
			);
			runOnlyForDeploymentPostprocessing = 0;
		};
/* End PBXFrameworksBuildPhase section */

/* Begin PBXGroup section */
		01F305C5189070EA00626E72 = {
			isa = PBXGroup;
			children = (
				01F305D3189070EA00626E72 /* OSDataStructuresLib */,
				01F305E7189070EA00626E72 /* OSDataStructuresLibTests */,
				01F305D0189070EA00626E72 /* Frameworks */,
				01F305CF189070EA00626E72 /* Products */,
			);
			sourceTree = "<group>";
		};
		01F305CF189070EA00626E72 /* Products */ = {
			isa = PBXGroup;
			children = (
				01F305CE189070EA00626E72 /* libOSDataStructuresLib.a */,
				01F305DE189070EA00626E72 /* OSDataStructuresLibTests.xctest */,
			);
			name = Products;
			sourceTree = "<group>";
		};
		01F305D0189070EA00626E72 /* Frameworks */ = {
			isa = PBXGroup;
			children = (
				01F305D1189070EA00626E72 /* Foundation.framework */,
				01F305DF189070EA00626E72 /* XCTest.framework */,
				01F305E2189070EA00626E72 /* UIKit.framework */,
			);
			name = Frameworks;
			sourceTree = "<group>";
		};
		01F305D3189070EA00626E72 /* OSDataStructuresLib */ = {
			isa = PBXGroup;
			children = (
				01F305FC189071B900626E72 /* Defines.h */,
				01F305FB1890712900626E72 /* MutableGraph */,
				01F305D6189070EA00626E72 /* OSDataStructuresLib.h */,
				01F305D8189070EA00626E72 /* OSDataStructuresLib.m */,
				01F305D4189070EA00626E72 /* Supporting Files */,
			);
			path = OSDataStructuresLib;
			sourceTree = "<group>";
		};
		01F305D4189070EA00626E72 /* Supporting Files */ = {
			isa = PBXGroup;
			children = (
				01F305D5189070EA00626E72 /* OSDataStructuresLib-Prefix.pch */,
			);
			name = "Supporting Files";
			sourceTree = "<group>";
		};
		01F305E7189070EA00626E72 /* OSDataStructuresLibTests */ = {
			isa = PBXGroup;
			children = (
				01F305ED189070EA00626E72 /* OSDataStructuresLibTests.m */,
				01F305E8189070EA00626E72 /* Supporting Files */,
			);
			path = OSDataStructuresLibTests;
			sourceTree = "<group>";
		};
		01F305E8189070EA00626E72 /* Supporting Files */ = {
			isa = PBXGroup;
			children = (
				01F305E9189070EA00626E72 /* OSDataStructuresLibTests-Info.plist */,
				01F305EA189070EA00626E72 /* InfoPlist.strings */,
			);
			name = "Supporting Files";
			sourceTree = "<group>";
		};
		01F305FB1890712900626E72 /* MutableGraph */ = {
			isa = PBXGroup;
			children = (
				01F305F71890712200626E72 /* OSMutableGraph.h */,
				01F305F81890712200626E72 /* OSMutableGraph.m */,
				01F305FD1890734E00626E72 /* OSGraphNode.h */,
				01F305FE1890734E00626E72 /* OSGraphNode.m */,
				01F306011890735B00626E72 /* OSGraphEdge.h */,
				01F306021890735B00626E72 /* OSGraphEdge.m */,
			);
			name = MutableGraph;
			sourceTree = "<group>";
		};
/* End PBXGroup section */

/* Begin PBXNativeTarget section */
		01F305CD189070EA00626E72 /* OSDataStructuresLib */ = {
			isa = PBXNativeTarget;
			buildConfigurationList = 01F305F1189070EA00626E72 /* Build configuration list for PBXNativeTarget "OSDataStructuresLib" */;
			buildPhases = (
				01F305CA189070EA00626E72 /* Sources */,
				01F305CB189070EA00626E72 /* Frameworks */,
				01F305CC189070EA00626E72 /* CopyFiles */,
			);
			buildRules = (
			);
			dependencies = (
			);
			name = OSDataStructuresLib;
			productName = OSDataStructuresLib;
			productReference = 01F305CE189070EA00626E72 /* libOSDataStructuresLib.a */;
			productType = "com.apple.product-type.library.static";
		};
		01F305DD189070EA00626E72 /* OSDataStructuresLibTests */ = {
			isa = PBXNativeTarget;
			buildConfigurationList = 01F305F4189070EA00626E72 /* Build configuration list for PBXNativeTarget "OSDataStructuresLibTests" */;
			buildPhases = (
				01F305DA189070EA00626E72 /* Sources */,
				01F305DB189070EA00626E72 /* Frameworks */,
				01F305DC189070EA00626E72 /* Resources */,
			);
			buildRules = (
			);
			dependencies = (
				01F305E5189070EA00626E72 /* PBXTargetDependency */,
			);
			name = OSDataStructuresLibTests;
			productName = OSDataStructuresLibTests;
			productReference = 01F305DE189070EA00626E72 /* OSDataStructuresLibTests.xctest */;
			productType = "com.apple.product-type.bundle.unit-test";
		};
/* End PBXNativeTarget section */

/* Begin PBXProject section */
		01F305C6189070EA00626E72 /* Project object */ = {
			isa = PBXProject;
			attributes = {
				LastUpgradeCheck = 0500;
			};
			buildConfigurationList = 01F305C9189070EA00626E72 /* Build configuration list for PBXProject "OSDataStructuresLib" */;
			compatibilityVersion = "Xcode 3.2";
			developmentRegion = English;
			hasScannedForEncodings = 0;
			knownRegions = (
				en,
			);
			mainGroup = 01F305C5189070EA00626E72;
			productRefGroup = 01F305CF189070EA00626E72 /* Products */;
			projectDirPath = "";
			projectRoot = "";
			targets = (
				01F305CD189070EA00626E72 /* OSDataStructuresLib */,
				01F305DD189070EA00626E72 /* OSDataStructuresLibTests */,
			);
		};
/* End PBXProject section */

/* Begin PBXResourcesBuildPhase section */
		01F305DC189070EA00626E72 /* Resources */ = {
			isa = PBXResourcesBuildPhase;
			buildActionMask = 2147483647;
			files = (
				01F305EC189070EA00626E72 /* InfoPlist.strings in Resources */,
			);
			runOnlyForDeploymentPostprocessing = 0;
		};
/* End PBXResourcesBuildPhase section */

/* Begin PBXSourcesBuildPhase section */
		01F305CA189070EA00626E72 /* Sources */ = {
			isa = PBXSourcesBuildPhase;
			buildActionMask = 2147483647;
			files = (
				01F305FF1890734E00626E72 /* OSGraphNode.m in Sources */,
				01F306031890735B00626E72 /* OSGraphEdge.m in Sources */,
				01F305D9189070EA00626E72 /* OSDataStructuresLib.m in Sources */,
				01F305F91890712200626E72 /* OSMutableGraph.m in Sources */,
			);
			runOnlyForDeploymentPostprocessing = 0;
		};
		01F305DA189070EA00626E72 /* Sources */ = {
			isa = PBXSourcesBuildPhase;
			buildActionMask = 2147483647;
			files = (
				01F306001890734E00626E72 /* OSGraphNode.m in Sources */,
				01F306041890735B00626E72 /* OSGraphEdge.m in Sources */,
				01F305EE189070EA00626E72 /* OSDataStructuresLibTests.m in Sources */,
				01F305FA1890712200626E72 /* OSMutableGraph.m in Sources */,
			);
			runOnlyForDeploymentPostprocessing = 0;
		};
/* End PBXSourcesBuildPhase section */

/* Begin PBXTargetDependency section */
		01F305E5189070EA00626E72 /* PBXTargetDependency */ = {
			isa = PBXTargetDependency;
			target = 01F305CD189070EA00626E72 /* OSDataStructuresLib */;
			targetProxy = 01F305E4189070EA00626E72 /* PBXContainerItemProxy */;
		};
/* End PBXTargetDependency section */

/* Begin PBXVariantGroup section */
		01F305EA189070EA00626E72 /* InfoPlist.strings */ = {
			isa = PBXVariantGroup;
			children = (
				01F305EB189070EA00626E72 /* en */,
			);
			name = InfoPlist.strings;
			sourceTree = "<group>";
		};
/* End PBXVariantGroup section */

/* Begin XCBuildConfiguration section */
		01F305EF189070EA00626E72 /* Debug */ = {
			isa = XCBuildConfiguration;
			buildSettings = {
				ALWAYS_SEARCH_USER_PATHS = NO;
				ARCHS = "$(ARCHS_STANDARD_INCLUDING_64_BIT)";
				CLANG_CXX_LANGUAGE_STANDARD = "gnu++0x";
				CLANG_CXX_LIBRARY = "libc++";
				CLANG_ENABLE_MODULES = YES;
				CLANG_ENABLE_OBJC_ARC = YES;
				CLANG_WARN_BOOL_CONVERSION = YES;
				CLANG_WARN_CONSTANT_CONVERSION = YES;
				CLANG_WARN_DIRECT_OBJC_ISA_USAGE = YES_ERROR;
				CLANG_WARN_EMPTY_BODY = YES;
				CLANG_WARN_ENUM_CONVERSION = YES;
				CLANG_WARN_INT_CONVERSION = YES;
				CLANG_WARN_OBJC_ROOT_CLASS = YES_ERROR;
				CLANG_WARN__DUPLICATE_METHOD_MATCH = YES;
				COPY_PHASE_STRIP = NO;
				GCC_C_LANGUAGE_STANDARD = gnu99;
				GCC_DYNAMIC_NO_PIC = NO;
				GCC_OPTIMIZATION_LEVEL = 0;
				GCC_PREPROCESSOR_DEFINITIONS = (
					"DEBUG=1",
					"$(inherited)",
				);
				GCC_SYMBOLS_PRIVATE_EXTERN = NO;
				GCC_WARN_64_TO_32_BIT_CONVERSION = YES;
				GCC_WARN_ABOUT_RETURN_TYPE = YES_ERROR;
				GCC_WARN_UNDECLARED_SELECTOR = YES;
				GCC_WARN_UNINITIALIZED_AUTOS = YES;
				GCC_WARN_UNUSED_FUNCTION = YES;
				GCC_WARN_UNUSED_VARIABLE = YES;
				IPHONEOS_DEPLOYMENT_TARGET = 7.0;
				ONLY_ACTIVE_ARCH = YES;
				SDKROOT = iphoneos;
			};
			name = Debug;
		};
		01F305F0189070EA00626E72 /* Release */ = {
			isa = XCBuildConfiguration;
			buildSettings = {
				ALWAYS_SEARCH_USER_PATHS = NO;
				ARCHS = "$(ARCHS_STANDARD_INCLUDING_64_BIT)";
				CLANG_CXX_LANGUAGE_STANDARD = "gnu++0x";
				CLANG_CXX_LIBRARY = "libc++";
				CLANG_ENABLE_MODULES = YES;
				CLANG_ENABLE_OBJC_ARC = YES;
				CLANG_WARN_BOOL_CONVERSION = YES;
				CLANG_WARN_CONSTANT_CONVERSION = YES;
				CLANG_WARN_DIRECT_OBJC_ISA_USAGE = YES_ERROR;
				CLANG_WARN_EMPTY_BODY = YES;
				CLANG_WARN_ENUM_CONVERSION = YES;
				CLANG_WARN_INT_CONVERSION = YES;
				CLANG_WARN_OBJC_ROOT_CLASS = YES_ERROR;
				CLANG_WARN__DUPLICATE_METHOD_MATCH = YES;
				COPY_PHASE_STRIP = YES;
				ENABLE_NS_ASSERTIONS = NO;
				GCC_C_LANGUAGE_STANDARD = gnu99;
				GCC_WARN_64_TO_32_BIT_CONVERSION = YES;
				GCC_WARN_ABOUT_RETURN_TYPE = YES_ERROR;
				GCC_WARN_UNDECLARED_SELECTOR = YES;
				GCC_WARN_UNINITIALIZED_AUTOS = YES;
				GCC_WARN_UNUSED_FUNCTION = YES;
				GCC_WARN_UNUSED_VARIABLE = YES;
				IPHONEOS_DEPLOYMENT_TARGET = 7.0;
				SDKROOT = iphoneos;
				VALIDATE_PRODUCT = YES;
			};
			name = Release;
		};
		01F305F2189070EA00626E72 /* Debug */ = {
			isa = XCBuildConfiguration;
			buildSettings = {
				DSTROOT = /tmp/OSDataStructuresLib.dst;
				GCC_PRECOMPILE_PREFIX_HEADER = YES;
				GCC_PREFIX_HEADER = "OSDataStructuresLib/OSDataStructuresLib-Prefix.pch";
				OTHER_LDFLAGS = "-ObjC";
				PRODUCT_NAME = "$(TARGET_NAME)";
				SKIP_INSTALL = YES;
			};
			name = Debug;
		};
		01F305F3189070EA00626E72 /* Release */ = {
			isa = XCBuildConfiguration;
			buildSettings = {
				DSTROOT = /tmp/OSDataStructuresLib.dst;
				GCC_PRECOMPILE_PREFIX_HEADER = YES;
				GCC_PREFIX_HEADER = "OSDataStructuresLib/OSDataStructuresLib-Prefix.pch";
				OTHER_LDFLAGS = "-ObjC";
				PRODUCT_NAME = "$(TARGET_NAME)";
				SKIP_INSTALL = YES;
			};
			name = Release;
		};
		01F305F5189070EA00626E72 /* Debug */ = {
			isa = XCBuildConfiguration;
			buildSettings = {
				ARCHS = "$(ARCHS_STANDARD_INCLUDING_64_BIT)";
				FRAMEWORK_SEARCH_PATHS = (
					"$(SDKROOT)/Developer/Library/Frameworks",
					"$(inherited)",
					"$(DEVELOPER_FRAMEWORKS_DIR)",
				);
				GCC_PRECOMPILE_PREFIX_HEADER = YES;
				GCC_PREFIX_HEADER = "OSDataStructuresLib/OSDataStructuresLib-Prefix.pch";
				GCC_PREPROCESSOR_DEFINITIONS = (
					"DEBUG=1",
					"$(inherited)",
				);
				INFOPLIST_FILE = "OSDataStructuresLibTests/OSDataStructuresLibTests-Info.plist";
				PRODUCT_NAME = "$(TARGET_NAME)";
				WRAPPER_EXTENSION = xctest;
			};
			name = Debug;
		};
		01F305F6189070EA00626E72 /* Release */ = {
			isa = XCBuildConfiguration;
			buildSettings = {
				ARCHS = "$(ARCHS_STANDARD_INCLUDING_64_BIT)";
				FRAMEWORK_SEARCH_PATHS = (
					"$(SDKROOT)/Developer/Library/Frameworks",
					"$(inherited)",
					"$(DEVELOPER_FRAMEWORKS_DIR)",
				);
				GCC_PRECOMPILE_PREFIX_HEADER = YES;
				GCC_PREFIX_HEADER = "OSDataStructuresLib/OSDataStructuresLib-Prefix.pch";
				INFOPLIST_FILE = "OSDataStructuresLibTests/OSDataStructuresLibTests-Info.plist";
				PRODUCT_NAME = "$(TARGET_NAME)";
				WRAPPER_EXTENSION = xctest;
			};
			name = Release;
		};
/* End XCBuildConfiguration section */

/* Begin XCConfigurationList section */
		01F305C9189070EA00626E72 /* Build configuration list for PBXProject "OSDataStructuresLib" */ = {
			isa = XCConfigurationList;
			buildConfigurations = (
				01F305EF189070EA00626E72 /* Debug */,
				01F305F0189070EA00626E72 /* Release */,
			);
			defaultConfigurationIsVisible = 0;
			defaultConfigurationName = Release;
		};
		01F305F1189070EA00626E72 /* Build configuration list for PBXNativeTarget "OSDataStructuresLib" */ = {
			isa = XCConfigurationList;
			buildConfigurations = (
				01F305F2189070EA00626E72 /* Debug */,
				01F305F3189070EA00626E72 /* Release */,
			);
			defaultConfigurationIsVisible = 0;
		};
		01F305F4189070EA00626E72 /* Build configuration list for PBXNativeTarget "OSDataStructuresLibTests" */ = {
			isa = XCConfigurationList;
			buildConfigurations = (
				01F305F5189070EA00626E72 /* Debug */,
				01F305F6189070EA00626E72 /* Release */,
			);
			defaultConfigurationIsVisible = 0;
		};
/* End XCConfigurationList section */
	};
	rootObject = 01F305C6189070EA00626E72 /* Project object */;
}
